# This file is autogenerated, do not edit; changes may be undone by the next 'dep ensure'.


[[projects]]
  branch = "master"
  digest = "1:c1f242537d2898c84fe9bfd8bd94b177cd5ff98a10c397dbbc494f4e2b173be6"
  name = "github.com/serialx/hashring"
  packages = ["."]
  pruneopts = "UT"
  revision = "49a4782e9908fe098c907022a1bd7519c79803d6"

[solve-meta]
  analyzer-name = "dep"
  analyzer-version = 1
  input-imports = ["github.com/serialx/hashring"]
  solver-name = "gps-cdcl"
  solver-version = 1
